
Microsoft Visual Studio Solution File, Format Version 12.00
# Visual Studio 15
VisualStudioVersion = 15.0.28307.421
MinimumVisualStudioVersion = 10.0.40219.1
Project("{FAE04EC0-301F-11D3-BF4B-00C04F79EFBC}") = "Lab4", "Lab4\Lab4.csproj", "{59AA3A52-17B8-4969-8B7C-7781A9A97295}"
EndProject
Global
	GlobalSection(SolutionConfigurationPlatforms) = preSolution
		Debug|Any CPU = Debug|Any CPU
		Release|Any CPU = Release|Any CPU
	EndGlobalSection
	GlobalSection(ProjectConfigurationPlatforms) = postSolution
		{59AA3A52-17B8-4969-8B7C-7781A9A97295}.Debug|Any CPU.ActiveCfg = Debug|Any CPU
		{59AA3A52-17B8-4969-8B7C-7781A9A97295}.Debug|Any CPU.Build.0 = Debug|Any CPU
		{59AA3A52-17B8-4969-8B7C-7781A9A97295}.Release|Any CPU.ActiveCfg = Release|Any CPU
		{59AA3A52-17B8-4969-8B7C-7781A9A97295}.Release|Any CPU.Build.0 = Release|Any CPU
	EndGlobalSection
	GlobalSection(SolutionProperties) = preSolution
		HideSolutionNode = FALSE
	EndGlobalSection
	GlobalSection(ExtensibilityGlobals) = postSolution
		SolutionGuid = {5C0AE66F-676C-4BD5-BACB-3AA452C09B45}
	EndGlobalSection
EndGlobal
